
Microsoft Visual Studio Solution File, Format Version 12.00
# Visual Studio Version 16
VisualStudioVersion = 16.0.30804.86
MinimumVisualStudioVersion = 10.0.40219.1
Project("{FAE04EC0-301F-11D3-BF4B-00C04F79EFBC}") = "BethanysPieShopHR", "BethanysPieShopHR.csproj", "{6A325CF5-6205-480F-A594-A01E854CFAA8}"
EndProject
Global
	GlobalSection(SolutionConfigurationPlatforms) = preSolution
		Debug|Any CPU = Debug|Any CPU
		Release|Any CPU = Release|Any CPU
	EndGlobalSection
	GlobalSection(ProjectConfigurationPlatforms) = postSolution
		{6A325CF5-6205-480F-A594-A01E854CFAA8}.Debug|Any CPU.ActiveCfg = Debug|Any CPU
		{6A325CF5-6205-480F-A594-A01E854CFAA8}.Debug|Any CPU.Build.0 = Debug|Any CPU
		{6A325CF5-6205-480F-A594-A01E854CFAA8}.Release|Any CPU.ActiveCfg = Release|Any CPU
		{6A325CF5-6205-480F-A594-A01E854CFAA8}.Release|Any CPU.Build.0 = Release|Any CPU
	EndGlobalSection
	GlobalSection(SolutionProperties) = preSolution
		HideSolutionNode = FALSE
	EndGlobalSection
	GlobalSection(ExtensibilityGlobals) = postSolution
		SolutionGuid = {B77152B5-1B0B-461D-83FD-25FE0D61EE8B}
	EndGlobalSection
EndGlobal
